
Microsoft Visual Studio Solution File, Format Version 12.00
# Visual Studio Version 17
VisualStudioVersion = 17.6.33723.286
MinimumVisualStudioVersion = 10.0.40219.1
Project("{FAE04EC0-301F-11D3-BF4B-00C04F79EFBC}") = "Lab01-b", "Lab01-b.csproj", "{3B53682C-99FE-46DD-A779-2EB289D6C441}"
EndProject
Global
	GlobalSection(SolutionConfigurationPlatforms) = preSolution
		Debug|Any CPU = Debug|Any CPU
		Release|Any CPU = Release|Any CPU
	EndGlobalSection
	GlobalSection(ProjectConfigurationPlatforms) = postSolution
		{3B53682C-99FE-46DD-A779-2EB289D6C441}.Debug|Any CPU.ActiveCfg = Debug|Any CPU
		{3B53682C-99FE-46DD-A779-2EB289D6C441}.Debug|Any CPU.Build.0 = Debug|Any CPU
		{3B53682C-99FE-46DD-A779-2EB289D6C441}.Release|Any CPU.ActiveCfg = Release|Any CPU
		{3B53682C-99FE-46DD-A779-2EB289D6C441}.Release|Any CPU.Build.0 = Release|Any CPU
	EndGlobalSection
	GlobalSection(SolutionProperties) = preSolution
		HideSolutionNode = FALSE
	EndGlobalSection
	GlobalSection(ExtensibilityGlobals) = postSolution
		SolutionGuid = {B9E8650A-CB23-49BD-A7BC-C7F55136DB56}
	EndGlobalSection
EndGlobal
